<?xml version="1.0" encoding="utf-8"?>
<Project ToolsVersion="4.0" xmlns="http://schemas.microsoft.com/developer/msbuild/2003">
  <ItemGroup>
    <Filter Include="Utilities">
      <UniqueIdentifier>{3135db33-291e-4b60-9a69-a3e45ffae28a}</UniqueIdentifier>
    </Filter>
    <Filter Include="Core">
      <UniqueIdentifier>{57d0e735-9238-4537-a9ee-45799e5df89b}</UniqueIdentifier>
    </Filter>
    <Filter Include="Graphics">
      <UniqueIdentifier>{bda8fa9c-7709-41d3-924c-e600b3b9f8d1}</UniqueIdentifier>
    </Filter>
    <Filter Include="Input">
      <UniqueIdentifier>{9265c6f1-faa4-41f8-b6a6-68a514203332}</UniqueIdentifier>
    </Filter>
    <Filter Include="Math">
      <UniqueIdentifier>{3eea51fe-78e4-4c2e-afde-9bbcaf64c82c}</UniqueIdentifier>
    </Filter>
    <Filter Include="Data">
      <UniqueIdentifier>{c9eae6f9-5bf6-4afc-b0e6-4ca0fd37ad9c}</UniqueIdentifier>
    </Filter>
    <Filter Include="Data\Scripts">
      <UniqueIdentifier>{1eeec09c-6671-4ebd-a094-bf343c65192b}</UniqueIdentifier>
    </Filter>
    <Filter Include="Data\Shaders">
      <UniqueIdentifier>{f1031380-10a5-4619-b41d-909db8c84943}</UniqueIdentifier>
    </Filter>
    <Filter Include="Data\Shaders\Source">
      <UniqueIdentifier>{b2295479-d804-4fac-82e6-b1c7df3ce029}</UniqueIdentifier>
    </Filter>
    <Filter Include="Graphics\Shapes">
      <UniqueIdentifier>{160456dc-9b25-442c-a420-b5b39a9d4bb6}</UniqueIdentifier>
    </Filter>
  </ItemGroup>
  <ItemGroup>
    <ClCompile Include="main.cpp" />
    <ClCompile Include="Core\AppBase.cpp">
      <Filter>Core</Filter>
    </ClCompile>
    <ClCompile Include="Core\Application.cpp">
      <Filter>Core</Filter>
    </ClCompile>
    <ClCompile Include="Core\AVObject.cpp">
      <Filter>Core</Filter>
    </ClCompile>
    <ClCompile Include="Core\bzTime.cpp">
      <Filter>Core</Filter>
    </ClCompile>
    <ClCompile Include="Core\Camera.cpp">
      <Filter>Core</Filter>
    </ClCompile>
    <ClCompile Include="Core\Input.cpp">
      <Filter>Core</Filter>
    </ClCompile>
    <ClCompile Include="Core\Node.cpp">
      <Filter>Core</Filter>
    </ClCompile>
    <ClCompile Include="Core\Object.cpp">
      <Filter>Core</Filter>
    </ClCompile>
    <ClCompile Include="Core\Property.cpp">
      <Filter>Core</Filter>
    </ClCompile>
    <ClCompile Include="Core\Rtti.cpp">
      <Filter>Core</Filter>
    </ClCompile>
    <ClCompile Include="Core\Transform.cpp">
      <Filter>Core</Filter>
    </ClCompile>
    <ClCompile Include="Core\Utilities.cpp">
      <Filter>Core</Filter>
    </ClCompile>
    <ClCompile Include="Graphics\Renderer.cpp">
      <Filter>Graphics</Filter>
    </ClCompile>
    <ClCompile Include="Graphics\ShaderFactory.cpp">
      <Filter>Graphics</Filter>
    </ClCompile>
    <ClCompile Include="Graphics\ShaderProgram.cpp">
      <Filter>Graphics</Filter>
    </ClCompile>
    <ClCompile Include="Graphics\Window.cpp">
      <Filter>Graphics</Filter>
    </ClCompile>
    <ClCompile Include="Input\Keyboard.cpp">
      <Filter>Input</Filter>
    </ClCompile>
    <ClCompile Include="Input\Mouse.cpp">
      <Filter>Input</Filter>
    </ClCompile>
    <ClCompile Include="Input\ResourceManager.cpp">
      <Filter>Input</Filter>
    </ClCompile>
    <ClCompile Include="Input\ResourceType.cpp">
      <Filter>Input</Filter>
    </ClCompile>
    <ClCompile Include="Math\CoreMath.cpp">
      <Filter>Math</Filter>
    </ClCompile>
    <ClCompile Include="Math\float2.cpp">
      <Filter>Math</Filter>
    </ClCompile>
    <ClCompile Include="Math\float3.cpp">
      <Filter>Math</Filter>
    </ClCompile>
    <ClCompile Include="Math\float4.cpp">
      <Filter>Math</Filter>
    </ClCompile>
    <ClCompile Include="Math\matrix3.cpp">
      <Filter>Math</Filter>
    </ClCompile>
    <ClCompile Include="Math\matrix4.cpp">
      <Filter>Math</Filter>
    </ClCompile>
    <ClCompile Include="Math\Quaternion.cpp">
      <Filter>Math</Filter>
    </ClCompile>
    <ClCompile Include="Core\bpPython.cpp">
      <Filter>Core</Filter>
    </ClCompile>
    <ClCompile Include="Graphics\bpCubeShape.cpp">
      <Filter>Graphics\Shapes</Filter>
    </ClCompile>
    <ClCompile Include="Graphics\bpMesh.cpp">
      <Filter>Graphics</Filter>
    </ClCompile>
    <ClCompile Include="Core\PropertyManager.cpp">
      <Filter>Core</Filter>
    </ClCompile>
  </ItemGroup>
  <ItemGroup>
    <ClInclude Include="Core\AppBase.h">
      <Filter>Core</Filter>
    </ClInclude>
    <ClInclude Include="Core\Application.h">
      <Filter>Core</Filter>
    </ClInclude>
    <ClInclude Include="Core\AVObject.h">
      <Filter>Core</Filter>
    </ClInclude>
    <ClInclude Include="Core\bzTime.h">
      <Filter>Core</Filter>
    </ClInclude>
    <ClInclude Include="Core\Camera.h">
      <Filter>Core</Filter>
    </ClInclude>
    <ClInclude Include="Core\Input.h">
      <Filter>Core</Filter>
    </ClInclude>
    <ClInclude Include="Core\Node.h">
      <Filter>Core</Filter>
    </ClInclude>
    <ClInclude Include="Core\Object.h">
      <Filter>Core</Filter>
    </ClInclude>
    <ClInclude Include="Core\Property.h">
      <Filter>Core</Filter>
    </ClInclude>
    <ClInclude Include="Core\Rtti.h">
      <Filter>Core</Filter>
    </ClInclude>
    <ClInclude Include="Core\Transform.h">
      <Filter>Core</Filter>
    </ClInclude>
    <ClInclude Include="Core\Utilities.h">
      <Filter>Core</Filter>
    </ClInclude>
    <ClInclude Include="Graphics\Renderer.h">
      <Filter>Graphics</Filter>
    </ClInclude>
    <ClInclude Include="Graphics\ShaderFactory.h">
      <Filter>Graphics</Filter>
    </ClInclude>
    <ClInclude Include="Graphics\ShaderProgram.h">
      <Filter>Graphics</Filter>
    </ClInclude>
    <ClInclude Include="Graphics\Window.h">
      <Filter>Graphics</Filter>
    </ClInclude>
    <ClInclude Include="Input\Keyboard.h">
      <Filter>Input</Filter>
    </ClInclude>
    <ClInclude Include="Input\Mouse.h">
      <Filter>Input</Filter>
    </ClInclude>
    <ClInclude Include="Input\ResourceManager.h">
      <Filter>Input</Filter>
    </ClInclude>
    <ClInclude Include="Input\ResourceType.h">
      <Filter>Input</Filter>
    </ClInclude>
    <ClInclude Include="Math\CoreMath.h">
      <Filter>Math</Filter>
    </ClInclude>
    <ClInclude Include="Math\float2.h">
      <Filter>Math</Filter>
    </ClInclude>
    <ClInclude Include="Math\float3.h">
      <Filter>Math</Filter>
    </ClInclude>
    <ClInclude Include="Math\float4.h">
      <Filter>Math</Filter>
    </ClInclude>
    <ClInclude Include="Math\matrix3.h">
      <Filter>Math</Filter>
    </ClInclude>
    <ClInclude Include="Math\matrix4.h">
      <Filter>Math</Filter>
    </ClInclude>
    <ClInclude Include="Math\Quaternion.h">
      <Filter>Math</Filter>
    </ClInclude>
    <ClInclude Include="Math\UniversalTypes.h">
      <Filter>Math</Filter>
    </ClInclude>
    <ClInclude Include="Core\bpPython.h">
      <Filter>Core</Filter>
    </ClInclude>
    <ClInclude Include="Graphics\bpCubeShape.h">
      <Filter>Graphics\Shapes</Filter>
    </ClInclude>
    <ClInclude Include="Graphics\bpMesh.h">
      <Filter>Graphics</Filter>
    </ClInclude>
    <ClInclude Include="Core\PropertyManager.h">
      <Filter>Core</Filter>
    </ClInclude>
  </ItemGroup>
  <ItemGroup>
    <None Include="..\Release\Data\scripts\MyModule.py">
      <Filter>Data\Scripts</Filter>
    </None>
    <None Include="..\Release\Data\shaders\source\test.frag">
      <Filter>Data\Shaders\Source</Filter>
    </None>
    <None Include="..\Release\Data\shaders\source\test.vert">
      <Filter>Data\Shaders\Source</Filter>
    </None>
    <None Include="..\Release\Data\shaders\source\New Text Document.txt">
      <Filter>Data\Shaders\Source</Filter>
    </None>
    <None Include="..\Release\Data\shaders\test.nsf">
      <Filter>Data\Shaders</Filter>
    </None>
  </ItemGroup>
</Project>